{
  "name": "New-Fashion-Vision",
  "version": "1.0.0",
  "description": "Proyecto de visión de moda nueva",
  "main": "index.js",  
  "scripts": {
    "start": "node index.js"  
  },
  "author": "Tu Nombre",
  "license": "MIT",
  "dependencies": {
    "express": "^4.17.1",  
    "react": "^17.0.2"      
  },
  "devDependencies": {
    "nodemon": "^2.0.15"   
  }
}

